// !$*UTF8*$!
{
	archiveVersion = 1;
	classes = {
	};
	objectVersion = 56;
	objects = {

/* Begin PBXBuildFile section */
		BBF47DC967E237BE849C1AA8 /* Pods_Sanatorium.framework in Frameworks */ = {isa = PBXBuildFile; fileRef = 677F46496B579E5C0C5D99E2 /* Pods_Sanatorium.framework */; };
		BD43FC7B299E5F8E0025755B /* BrestController.swift in Sources */ = {isa = PBXBuildFile; fileRef = BD43FC79299E5F8E0025755B /* BrestController.swift */; };
		BD43FC7C299E5F8E0025755B /* BrestController.xib in Resources */ = {isa = PBXBuildFile; fileRef = BD43FC7A299E5F8E0025755B /* BrestController.xib */; };
		BD43FC85299E5FEB0025755B /* VitebskController.swift in Sources */ = {isa = PBXBuildFile; fileRef = BD43FC83299E5FEB0025755B /* VitebskController.swift */; };
		BD43FC86299E5FEB0025755B /* VitebskController.xib in Resources */ = {isa = PBXBuildFile; fileRef = BD43FC84299E5FEB0025755B /* VitebskController.xib */; };
		BD43FC89299E60020025755B /* GomelController.swift in Sources */ = {isa = PBXBuildFile; fileRef = BD43FC87299E60020025755B /* GomelController.swift */; };
		BD43FC8A299E60020025755B /* GomelController.xib in Resources */ = {isa = PBXBuildFile; fileRef = BD43FC88299E60020025755B /* GomelController.xib */; };
		BD43FC8E299E601A0025755B /* GrodnoController.swift in Sources */ = {isa = PBXBuildFile; fileRef = BD43FC8C299E601A0025755B /* GrodnoController.swift */; };
		BD43FC8F299E601A0025755B /* GrodnoController.xib in Resources */ = {isa = PBXBuildFile; fileRef = BD43FC8D299E601A0025755B /* GrodnoController.xib */; };
		BD43FC92299E602C0025755B /* MinskController.swift in Sources */ = {isa = PBXBuildFile; fileRef = BD43FC90299E602C0025755B /* MinskController.swift */; };
		BD43FC93299E602C0025755B /* MinskController.xib in Resources */ = {isa = PBXBuildFile; fileRef = BD43FC91299E602C0025755B /* MinskController.xib */; };
		BD43FC96299E60410025755B /* MogilevController.swift in Sources */ = {isa = PBXBuildFile; fileRef = BD43FC94299E60410025755B /* MogilevController.swift */; };
		BD43FC97299E60410025755B /* MogilevController.xib in Resources */ = {isa = PBXBuildFile; fileRef = BD43FC95299E60410025755B /* MogilevController.xib */; };
		BD8001DA29787E2F00DEFA45 /* FavouriteViewController.swift in Sources */ = {isa = PBXBuildFile; fileRef = BD8001D829787E2F00DEFA45 /* FavouriteViewController.swift */; };
		BD8001DB29787E2F00DEFA45 /* FavouriteViewController.xib in Resources */ = {isa = PBXBuildFile; fileRef = BD8001D929787E2F00DEFA45 /* FavouriteViewController.xib */; };
		BD8624EB29A54F60004F402C /* RegionModel.swift in Sources */ = {isa = PBXBuildFile; fileRef = BD8624EA29A54F60004F402C /* RegionModel.swift */; };
		BD8624EE29A78F0B004F402C /* SDWebImage in Frameworks */ = {isa = PBXBuildFile; productRef = BD8624ED29A78F0B004F402C /* SDWebImage */; };
		BD8624F129A790BA004F402C /* FuncForFirebase.swift in Sources */ = {isa = PBXBuildFile; fileRef = BD8624F029A790BA004F402C /* FuncForFirebase.swift */; };
		BD89EF28299AB74A00CD428B /* SelectCell.swift in Sources */ = {isa = PBXBuildFile; fileRef = BD89EF26299AB74A00CD428B /* SelectCell.swift */; };
		BD89EF29299AB74A00CD428B /* SelectCell.xib in Resources */ = {isa = PBXBuildFile; fileRef = BD89EF27299AB74A00CD428B /* SelectCell.xib */; };
		BDA063F7297878B200B3E247 /* AppDelegate.swift in Sources */ = {isa = PBXBuildFile; fileRef = BDA063F6297878B200B3E247 /* AppDelegate.swift */; };
		BDA063F9297878B200B3E247 /* SceneDelegate.swift in Sources */ = {isa = PBXBuildFile; fileRef = BDA063F8297878B200B3E247 /* SceneDelegate.swift */; };
		BDA06400297878B600B3E247 /* Assets.xcassets in Resources */ = {isa = PBXBuildFile; fileRef = BDA063FF297878B600B3E247 /* Assets.xcassets */; };
		BDA06403297878B600B3E247 /* LaunchScreen.storyboard in Resources */ = {isa = PBXBuildFile; fileRef = BDA06401297878B600B3E247 /* LaunchScreen.storyboard */; };
		BDA0641629787CBE00B3E247 /* SelectionViewController.swift in Sources */ = {isa = PBXBuildFile; fileRef = BDA0641429787CBE00B3E247 /* SelectionViewController.swift */; };
		BDA0641729787CBE00B3E247 /* SelectionViewController.xib in Resources */ = {isa = PBXBuildFile; fileRef = BDA0641529787CBE00B3E247 /* SelectionViewController.xib */; };
		BDA0641A29787CCB00B3E247 /* MapViewController.swift in Sources */ = {isa = PBXBuildFile; fileRef = BDA0641829787CCB00B3E247 /* MapViewController.swift */; };
		BDA0641B29787CCB00B3E247 /* MapViewController.xib in Resources */ = {isa = PBXBuildFile; fileRef = BDA0641929787CCB00B3E247 /* MapViewController.xib */; };
		BDA0641E29787CD900B3E247 /* SearchViewController.swift in Sources */ = {isa = PBXBuildFile; fileRef = BDA0641C29787CD900B3E247 /* SearchViewController.swift */; };
		BDA0641F29787CD900B3E247 /* SearchViewController.xib in Resources */ = {isa = PBXBuildFile; fileRef = BDA0641D29787CD900B3E247 /* SearchViewController.xib */; };
		BDA0642229787CE500B3E247 /* HomeViewController.swift in Sources */ = {isa = PBXBuildFile; fileRef = BDA0642029787CE500B3E247 /* HomeViewController.swift */; };
		BDA0642329787CE500B3E247 /* HomeViewController.xib in Resources */ = {isa = PBXBuildFile; fileRef = BDA0642129787CE500B3E247 /* HomeViewController.xib */; };
		BDA0642629787D1600B3E247 /* TabBarController.swift in Sources */ = {isa = PBXBuildFile; fileRef = BDA0642529787D1600B3E247 /* TabBarController.swift */; };
		BDD0357C29A4DD72000FECEB /* GoogleService-Info.plist in Resources */ = {isa = PBXBuildFile; fileRef = BDD0357B29A4DD71000FECEB /* GoogleService-Info.plist */; };
		BDD0357F29A4E13B000FECEB /* FirebaseAuth in Frameworks */ = {isa = PBXBuildFile; productRef = BDD0357E29A4E13B000FECEB /* FirebaseAuth */; };
		BDD0358129A4E13B000FECEB /* FirebaseDatabase in Frameworks */ = {isa = PBXBuildFile; productRef = BDD0358029A4E13B000FECEB /* FirebaseDatabase */; };
		BDD0358329A4E13B000FECEB /* FirebaseFirestore in Frameworks */ = {isa = PBXBuildFile; productRef = BDD0358229A4E13B000FECEB /* FirebaseFirestore */; };
		BDD0358529A4E13B000FECEB /* FirebaseStorage in Frameworks */ = {isa = PBXBuildFile; productRef = BDD0358429A4E13B000FECEB /* FirebaseStorage */; };
		BDE45088299ABD110078F04E /* EnumNames.swift in Sources */ = {isa = PBXBuildFile; fileRef = BDE45087299ABD110078F04E /* EnumNames.swift */; };
/* End PBXBuildFile section */

/* Begin PBXFileReference section */
		33480A1F7B18DCA54223F4DE /* Pods-Sanatorium.release.xcconfig */ = {isa = PBXFileReference; includeInIndex = 1; lastKnownFileType = text.xcconfig; name = "Pods-Sanatorium.release.xcconfig"; path = "Target Support Files/Pods-Sanatorium/Pods-Sanatorium.release.xcconfig"; sourceTree = "<group>"; };
		677F46496B579E5C0C5D99E2 /* Pods_Sanatorium.framework */ = {isa = PBXFileReference; explicitFileType = wrapper.framework; includeInIndex = 0; path = Pods_Sanatorium.framework; sourceTree = BUILT_PRODUCTS_DIR; };
		AE5B07082A1DD3770FCAAB41 /* Pods-Sanatorium.debug.xcconfig */ = {isa = PBXFileReference; includeInIndex = 1; lastKnownFileType = text.xcconfig; name = "Pods-Sanatorium.debug.xcconfig"; path = "Target Support Files/Pods-Sanatorium/Pods-Sanatorium.debug.xcconfig"; sourceTree = "<group>"; };
		BD43FC79299E5F8E0025755B /* BrestController.swift */ = {isa = PBXFileReference; lastKnownFileType = sourcecode.swift; path = BrestController.swift; sourceTree = "<group>"; };
		BD43FC7A299E5F8E0025755B /* BrestController.xib */ = {isa = PBXFileReference; lastKnownFileType = file.xib; path = BrestController.xib; sourceTree = "<group>"; };
		BD43FC83299E5FEB0025755B /* VitebskController.swift */ = {isa = PBXFileReference; lastKnownFileType = sourcecode.swift; path = VitebskController.swift; sourceTree = "<group>"; };
		BD43FC84299E5FEB0025755B /* VitebskController.xib */ = {isa = PBXFileReference; lastKnownFileType = file.xib; path = VitebskController.xib; sourceTree = "<group>"; };
		BD43FC87299E60020025755B /* GomelController.swift */ = {isa = PBXFileReference; lastKnownFileType = sourcecode.swift; path = GomelController.swift; sourceTree = "<group>"; };
		BD43FC88299E60020025755B /* GomelController.xib */ = {isa = PBXFileReference; lastKnownFileType = file.xib; path = GomelController.xib; sourceTree = "<group>"; };
		BD43FC8C299E601A0025755B /* GrodnoController.swift */ = {isa = PBXFileReference; lastKnownFileType = sourcecode.swift; path = GrodnoController.swift; sourceTree = "<group>"; };
		BD43FC8D299E601A0025755B /* GrodnoController.xib */ = {isa = PBXFileReference; lastKnownFileType = file.xib; path = GrodnoController.xib; sourceTree = "<group>"; };
		BD43FC90299E602C0025755B /* MinskController.swift */ = {isa = PBXFileReference; lastKnownFileType = sourcecode.swift; path = MinskController.swift; sourceTree = "<group>"; };
		BD43FC91299E602C0025755B /* MinskController.xib */ = {isa = PBXFileReference; lastKnownFileType = file.xib; path = MinskController.xib; sourceTree = "<group>"; };
		BD43FC94299E60410025755B /* MogilevController.swift */ = {isa = PBXFileReference; lastKnownFileType = sourcecode.swift; path = MogilevController.swift; sourceTree = "<group>"; };
		BD43FC95299E60410025755B /* MogilevController.xib */ = {isa = PBXFileReference; lastKnownFileType = file.xib; path = MogilevController.xib; sourceTree = "<group>"; };
		BD8001D829787E2F00DEFA45 /* FavouriteViewController.swift */ = {isa = PBXFileReference; lastKnownFileType = sourcecode.swift; path = FavouriteViewController.swift; sourceTree = "<group>"; };
		BD8001D929787E2F00DEFA45 /* FavouriteViewController.xib */ = {isa = PBXFileReference; lastKnownFileType = file.xib; path = FavouriteViewController.xib; sourceTree = "<group>"; };
		BD8624EA29A54F60004F402C /* RegionModel.swift */ = {isa = PBXFileReference; lastKnownFileType = sourcecode.swift; path = RegionModel.swift; sourceTree = "<group>"; };
		BD8624F029A790BA004F402C /* FuncForFirebase.swift */ = {isa = PBXFileReference; lastKnownFileType = sourcecode.swift; path = FuncForFirebase.swift; sourceTree = "<group>"; };
		BD89EF26299AB74A00CD428B /* SelectCell.swift */ = {isa = PBXFileReference; lastKnownFileType = sourcecode.swift; path = SelectCell.swift; sourceTree = "<group>"; };
		BD89EF27299AB74A00CD428B /* SelectCell.xib */ = {isa = PBXFileReference; lastKnownFileType = file.xib; path = SelectCell.xib; sourceTree = "<group>"; };
		BDA063F3297878B200B3E247 /* Sanatorium.app */ = {isa = PBXFileReference; explicitFileType = wrapper.application; includeInIndex = 0; path = Sanatorium.app; sourceTree = BUILT_PRODUCTS_DIR; };
		BDA063F6297878B200B3E247 /* AppDelegate.swift */ = {isa = PBXFileReference; lastKnownFileType = sourcecode.swift; path = AppDelegate.swift; sourceTree = "<group>"; };
		BDA063F8297878B200B3E247 /* SceneDelegate.swift */ = {isa = PBXFileReference; lastKnownFileType = sourcecode.swift; path = SceneDelegate.swift; sourceTree = "<group>"; };
		BDA063FF297878B600B3E247 /* Assets.xcassets */ = {isa = PBXFileReference; lastKnownFileType = folder.assetcatalog; path = Assets.xcassets; sourceTree = "<group>"; };
		BDA06402297878B600B3E247 /* Base */ = {isa = PBXFileReference; lastKnownFileType = file.storyboard; name = Base; path = Base.lproj/LaunchScreen.storyboard; sourceTree = "<group>"; };
		BDA06404297878B600B3E247 /* Info.plist */ = {isa = PBXFileReference; lastKnownFileType = text.plist.xml; path = Info.plist; sourceTree = "<group>"; };
		BDA0641429787CBE00B3E247 /* SelectionViewController.swift */ = {isa = PBXFileReference; lastKnownFileType = sourcecode.swift; path = SelectionViewController.swift; sourceTree = "<group>"; };
		BDA0641529787CBE00B3E247 /* SelectionViewController.xib */ = {isa = PBXFileReference; lastKnownFileType = file.xib; path = SelectionViewController.xib; sourceTree = "<group>"; };
		BDA0641829787CCB00B3E247 /* MapViewController.swift */ = {isa = PBXFileReference; lastKnownFileType = sourcecode.swift; path = MapViewController.swift; sourceTree = "<group>"; };
		BDA0641929787CCB00B3E247 /* MapViewController.xib */ = {isa = PBXFileReference; lastKnownFileType = file.xib; path = MapViewController.xib; sourceTree = "<group>"; };
		BDA0641C29787CD900B3E247 /* SearchViewController.swift */ = {isa = PBXFileReference; lastKnownFileType = sourcecode.swift; path = SearchViewController.swift; sourceTree = "<group>"; };
		BDA0641D29787CD900B3E247 /* SearchViewController.xib */ = {isa = PBXFileReference; lastKnownFileType = file.xib; path = SearchViewController.xib; sourceTree = "<group>"; };
		BDA0642029787CE500B3E247 /* HomeViewController.swift */ = {isa = PBXFileReference; lastKnownFileType = sourcecode.swift; path = HomeViewController.swift; sourceTree = "<group>"; };
		BDA0642129787CE500B3E247 /* HomeViewController.xib */ = {isa = PBXFileReference; lastKnownFileType = file.xib; path = HomeViewController.xib; sourceTree = "<group>"; };
		BDA0642529787D1600B3E247 /* TabBarController.swift */ = {isa = PBXFileReference; lastKnownFileType = sourcecode.swift; path = TabBarController.swift; sourceTree = "<group>"; };
		BDD0357B29A4DD71000FECEB /* GoogleService-Info.plist */ = {isa = PBXFileReference; fileEncoding = 4; lastKnownFileType = text.plist.xml; path = "GoogleService-Info.plist"; sourceTree = "<group>"; };
		BDE45087299ABD110078F04E /* EnumNames.swift */ = {isa = PBXFileReference; lastKnownFileType = sourcecode.swift; path = EnumNames.swift; sourceTree = "<group>"; };
/* End PBXFileReference section */

/* Begin PBXFrameworksBuildPhase section */
		BDA063F0297878B200B3E247 /* Frameworks */ = {
			isa = PBXFrameworksBuildPhase;
			buildActionMask = 2147483647;
			files = (
				BD8624EE29A78F0B004F402C /* SDWebImage in Frameworks */,
				BDD0358129A4E13B000FECEB /* FirebaseDatabase in Frameworks */,
				BDD0358329A4E13B000FECEB /* FirebaseFirestore in Frameworks */,
				BBF47DC967E237BE849C1AA8 /* Pods_Sanatorium.framework in Frameworks */,
				BDD0358529A4E13B000FECEB /* FirebaseStorage in Frameworks */,
				BDD0357F29A4E13B000FECEB /* FirebaseAuth in Frameworks */,
			);
			runOnlyForDeploymentPostprocessing = 0;
		};
/* End PBXFrameworksBuildPhase section */

/* Begin PBXGroup section */
		3C849A5603EBB1EDFC69C5AE /* Pods */ = {
			isa = PBXGroup;
			children = (
				AE5B07082A1DD3770FCAAB41 /* Pods-Sanatorium.debug.xcconfig */,
				33480A1F7B18DCA54223F4DE /* Pods-Sanatorium.release.xcconfig */,
			);
			path = Pods;
			sourceTree = "<group>";
		};
		AB7925D77A016A7CA99120D7 /* Frameworks */ = {
			isa = PBXGroup;
			children = (
				677F46496B579E5C0C5D99E2 /* Pods_Sanatorium.framework */,
			);
			name = Frameworks;
			sourceTree = "<group>";
		};
		BD43FC77299E5F4F0025755B /* SelectRegion */ = {
			isa = PBXGroup;
			children = (
				BD43FC81299E5FC40025755B /* Mogilev */,
				BD43FC80299E5FBA0025755B /* Minsk */,
				BD43FC7F299E5FAF0025755B /* Grodno */,
				BD43FC7E299E5FA60025755B /* Gomel */,
				BD43FC7D299E5F960025755B /* Vitebsk */,
				BD43FC78299E5F650025755B /* Brest */,
			);
			path = SelectRegion;
			sourceTree = "<group>";
		};
		BD43FC78299E5F650025755B /* Brest */ = {
			isa = PBXGroup;
			children = (
				BD43FC79299E5F8E0025755B /* BrestController.swift */,
				BD43FC7A299E5F8E0025755B /* BrestController.xib */,
			);
			path = Brest;
			sourceTree = "<group>";
		};
		BD43FC7D299E5F960025755B /* Vitebsk */ = {
			isa = PBXGroup;
			children = (
				BD43FC83299E5FEB0025755B /* VitebskController.swift */,
				BD43FC84299E5FEB0025755B /* VitebskController.xib */,
			);
			path = Vitebsk;
			sourceTree = "<group>";
		};
		BD43FC7E299E5FA60025755B /* Gomel */ = {
			isa = PBXGroup;
			children = (
				BD43FC87299E60020025755B /* GomelController.swift */,
				BD43FC88299E60020025755B /* GomelController.xib */,
			);
			path = Gomel;
			sourceTree = "<group>";
		};
		BD43FC7F299E5FAF0025755B /* Grodno */ = {
			isa = PBXGroup;
			children = (
				BD43FC8C299E601A0025755B /* GrodnoController.swift */,
				BD43FC8D299E601A0025755B /* GrodnoController.xib */,
			);
			path = Grodno;
			sourceTree = "<group>";
		};
		BD43FC80299E5FBA0025755B /* Minsk */ = {
			isa = PBXGroup;
			children = (
				BD43FC90299E602C0025755B /* MinskController.swift */,
				BD43FC91299E602C0025755B /* MinskController.xib */,
			);
			path = Minsk;
			sourceTree = "<group>";
		};
		BD43FC81299E5FC40025755B /* Mogilev */ = {
			isa = PBXGroup;
			children = (
				BD43FC94299E60410025755B /* MogilevController.swift */,
				BD43FC95299E60410025755B /* MogilevController.xib */,
			);
			path = Mogilev;
			sourceTree = "<group>";
		};
		BD8001D729787DBC00DEFA45 /* FavouriteViewController */ = {
			isa = PBXGroup;
			children = (
				BD8001D829787E2F00DEFA45 /* FavouriteViewController.swift */,
				BD8001D929787E2F00DEFA45 /* FavouriteViewController.xib */,
			);
			path = FavouriteViewController;
			sourceTree = "<group>";
		};
		BD8624E929A54F44004F402C /* Models */ = {
			isa = PBXGroup;
			children = (
				BD8624EA29A54F60004F402C /* RegionModel.swift */,
			);
			path = Models;
			sourceTree = "<group>";
		};
		BD8624EF29A79099004F402C /* FuncForFirebase */ = {
			isa = PBXGroup;
			children = (
				BD8624F029A790BA004F402C /* FuncForFirebase.swift */,
			);
			path = FuncForFirebase;
			sourceTree = "<group>";
		};
		BD89EF24299AB6DE00CD428B /* CollectionCells */ = {
			isa = PBXGroup;
			children = (
				BD89EF25299AB70E00CD428B /* SelectCollection */,
			);
			path = CollectionCells;
			sourceTree = "<group>";
		};
		BD89EF25299AB70E00CD428B /* SelectCollection */ = {
			isa = PBXGroup;
			children = (
				BD89EF26299AB74A00CD428B /* SelectCell.swift */,
				BD89EF27299AB74A00CD428B /* SelectCell.xib */,
			);
			path = SelectCollection;
			sourceTree = "<group>";
		};
		BDA063EA297878B100B3E247 = {
			isa = PBXGroup;
			children = (
				BDA063F5297878B200B3E247 /* Sanatorium */,
				BDA063F4297878B200B3E247 /* Products */,
				3C849A5603EBB1EDFC69C5AE /* Pods */,
				AB7925D77A016A7CA99120D7 /* Frameworks */,
			);
			sourceTree = "<group>";
		};
		BDA063F4297878B200B3E247 /* Products */ = {
			isa = PBXGroup;
			children = (
				BDA063F3297878B200B3E247 /* Sanatorium.app */,
			);
			name = Products;
			sourceTree = "<group>";
		};
		BDA063F5297878B200B3E247 /* Sanatorium */ = {
			isa = PBXGroup;
			children = (
				BD8624EF29A79099004F402C /* FuncForFirebase */,
				BD8624E929A54F44004F402C /* Models */,
				BDE45085299ABCE30078F04E /* Enum */,
				BD89EF24299AB6DE00CD428B /* CollectionCells */,
				BDA0642429787CF500B3E247 /* TabBarController */,
				BDA0640A29787BAA00B3E247 /* Controllers */,
				BDA063F6297878B200B3E247 /* AppDelegate.swift */,
				BDA063F8297878B200B3E247 /* SceneDelegate.swift */,
				BDA063FF297878B600B3E247 /* Assets.xcassets */,
				BDD0357B29A4DD71000FECEB /* GoogleService-Info.plist */,
				BDA06401297878B600B3E247 /* LaunchScreen.storyboard */,
				BDA06404297878B600B3E247 /* Info.plist */,
			);
			path = Sanatorium;
			sourceTree = "<group>";
		};
		BDA0640A29787BAA00B3E247 /* Controllers */ = {
			isa = PBXGroup;
			children = (
				BD8001D729787DBC00DEFA45 /* FavouriteViewController */,
				BDA0641329787C6A00B3E247 /* SelectionViewController */,
				BDA0641229787C5D00B3E247 /* MapViewController */,
				BDA0641129787C3E00B3E247 /* SearchViewController */,
				BDA0641029787C0C00B3E247 /* HomeViewController */,
			);
			path = Controllers;
			sourceTree = "<group>";
		};
		BDA0641029787C0C00B3E247 /* HomeViewController */ = {
			isa = PBXGroup;
			children = (
				BDA0642029787CE500B3E247 /* HomeViewController.swift */,
				BDA0642129787CE500B3E247 /* HomeViewController.xib */,
			);
			path = HomeViewController;
			sourceTree = "<group>";
		};
		BDA0641129787C3E00B3E247 /* SearchViewController */ = {
			isa = PBXGroup;
			children = (
				BDA0641C29787CD900B3E247 /* SearchViewController.swift */,
				BDA0641D29787CD900B3E247 /* SearchViewController.xib */,
			);
			path = SearchViewController;
			sourceTree = "<group>";
		};
		BDA0641229787C5D00B3E247 /* MapViewController */ = {
			isa = PBXGroup;
			children = (
				BDA0641829787CCB00B3E247 /* MapViewController.swift */,
				BDA0641929787CCB00B3E247 /* MapViewController.xib */,
			);
			path = MapViewController;
			sourceTree = "<group>";
		};
		BDA0641329787C6A00B3E247 /* SelectionViewController */ = {
			isa = PBXGroup;
			children = (
				BD43FC77299E5F4F0025755B /* SelectRegion */,
				BDA0641429787CBE00B3E247 /* SelectionViewController.swift */,
				BDA0641529787CBE00B3E247 /* SelectionViewController.xib */,
			);
			path = SelectionViewController;
			sourceTree = "<group>";
		};
		BDA0642429787CF500B3E247 /* TabBarController */ = {
			isa = PBXGroup;
			children = (
				BDA0642529787D1600B3E247 /* TabBarController.swift */,
			);
			path = TabBarController;
			sourceTree = "<group>";
		};
		BDE45085299ABCE30078F04E /* Enum */ = {
			isa = PBXGroup;
			children = (
				BDE45086299ABCE90078F04E /* EnumNamesOfRegion */,
			);
			path = Enum;
			sourceTree = "<group>";
		};
		BDE45086299ABCE90078F04E /* EnumNamesOfRegion */ = {
			isa = PBXGroup;
			children = (
				BDE45087299ABD110078F04E /* EnumNames.swift */,
			);
			path = EnumNamesOfRegion;
			sourceTree = "<group>";
		};
/* End PBXGroup section */

/* Begin PBXNativeTarget section */
		BDA063F2297878B200B3E247 /* Sanatorium */ = {
			isa = PBXNativeTarget;
			buildConfigurationList = BDA06407297878B600B3E247 /* Build configuration list for PBXNativeTarget "Sanatorium" */;
			buildPhases = (
				1ACEBB1306350E818BD9D86A /* [CP] Check Pods Manifest.lock */,
				BDA063EF297878B200B3E247 /* Sources */,
				BDA063F0297878B200B3E247 /* Frameworks */,
				BDA063F1297878B200B3E247 /* Resources */,
				CCEFD029E9D0AEF446C6FDE3 /* [CP] Copy Pods Resources */,
			);
			buildRules = (
			);
			dependencies = (
			);
			name = Sanatorium;
			packageProductDependencies = (
				BDD0357E29A4E13B000FECEB /* FirebaseAuth */,
				BDD0358029A4E13B000FECEB /* FirebaseDatabase */,
				BDD0358229A4E13B000FECEB /* FirebaseFirestore */,
				BDD0358429A4E13B000FECEB /* FirebaseStorage */,
				BD8624ED29A78F0B004F402C /* SDWebImage */,
			);
			productName = Sanatorium;
			productReference = BDA063F3297878B200B3E247 /* Sanatorium.app */;
			productType = "com.apple.product-type.application";
		};
/* End PBXNativeTarget section */

/* Begin PBXProject section */
		BDA063EB297878B100B3E247 /* Project object */ = {
			isa = PBXProject;
			attributes = {
				BuildIndependentTargetsInParallel = 1;
				LastSwiftUpdateCheck = 1420;
				LastUpgradeCheck = 1420;
				TargetAttributes = {
					BDA063F2297878B200B3E247 = {
						CreatedOnToolsVersion = 14.2;
					};
				};
			};
			buildConfigurationList = BDA063EE297878B100B3E247 /* Build configuration list for PBXProject "Sanatorium" */;
			compatibilityVersion = "Xcode 14.0";
			developmentRegion = en;
			hasScannedForEncodings = 0;
			knownRegions = (
				en,
				Base,
			);
			mainGroup = BDA063EA297878B100B3E247;
			packageReferences = (
				BDD0357D29A4E13B000FECEB /* XCRemoteSwiftPackageReference "firebase-ios-sdk" */,
				BD8624EC29A78F0B004F402C /* XCRemoteSwiftPackageReference "SDWebImage" */,
			);
			productRefGroup = BDA063F4297878B200B3E247 /* Products */;
			projectDirPath = "";
			projectRoot = "";
			targets = (
				BDA063F2297878B200B3E247 /* Sanatorium */,
			);
		};
/* End PBXProject section */

/* Begin PBXResourcesBuildPhase section */
		BDA063F1297878B200B3E247 /* Resources */ = {
			isa = PBXResourcesBuildPhase;
			buildActionMask = 2147483647;
			files = (
				BDA06403297878B600B3E247 /* LaunchScreen.storyboard in Resources */,
				BDA0641729787CBE00B3E247 /* SelectionViewController.xib in Resources */,
				BDD0357C29A4DD72000FECEB /* GoogleService-Info.plist in Resources */,
				BD43FC7C299E5F8E0025755B /* BrestController.xib in Resources */,
				BD43FC93299E602C0025755B /* MinskController.xib in Resources */,
				BDA0641F29787CD900B3E247 /* SearchViewController.xib in Resources */,
				BD43FC8A299E60020025755B /* GomelController.xib in Resources */,
				BD8001DB29787E2F00DEFA45 /* FavouriteViewController.xib in Resources */,
				BD43FC8F299E601A0025755B /* GrodnoController.xib in Resources */,
				BDA06400297878B600B3E247 /* Assets.xcassets in Resources */,
				BD43FC86299E5FEB0025755B /* VitebskController.xib in Resources */,
				BDA0641B29787CCB00B3E247 /* MapViewController.xib in Resources */,
				BD43FC97299E60410025755B /* MogilevController.xib in Resources */,
				BDA0642329787CE500B3E247 /* HomeViewController.xib in Resources */,
				BD89EF29299AB74A00CD428B /* SelectCell.xib in Resources */,
			);
			runOnlyForDeploymentPostprocessing = 0;
		};
/* End PBXResourcesBuildPhase section */

/* Begin PBXShellScriptBuildPhase section */
		1ACEBB1306350E818BD9D86A /* [CP] Check Pods Manifest.lock */ = {
			isa = PBXShellScriptBuildPhase;
			buildActionMask = 2147483647;
			files = (
			);
			inputFileListPaths = (
			);
			inputPaths = (
				"${PODS_PODFILE_DIR_PATH}/Podfile.lock",
				"${PODS_ROOT}/Manifest.lock",
			);
			name = "[CP] Check Pods Manifest.lock";
			outputFileListPaths = (
			);
			outputPaths = (
				"$(DERIVED_FILE_DIR)/Pods-Sanatorium-checkManifestLockResult.txt",
			);
			runOnlyForDeploymentPostprocessing = 0;
			shellPath = /bin/sh;
			shellScript = "diff \"${PODS_PODFILE_DIR_PATH}/Podfile.lock\" \"${PODS_ROOT}/Manifest.lock\" > /dev/null\nif [ $? != 0 ] ; then\n    # print error to STDERR\n    echo \"error: The sandbox is not in sync with the Podfile.lock. Run 'pod install' or update your CocoaPods installation.\" >&2\n    exit 1\nfi\n# This output is used by Xcode 'outputs' to avoid re-running this script phase.\necho \"SUCCESS\" > \"${SCRIPT_OUTPUT_FILE_0}\"\n";
			showEnvVarsInLog = 0;
		};
		CCEFD029E9D0AEF446C6FDE3 /* [CP] Copy Pods Resources */ = {
			isa = PBXShellScriptBuildPhase;
			buildActionMask = 2147483647;
			files = (
			);
			inputFileListPaths = (
				"${PODS_ROOT}/Target Support Files/Pods-Sanatorium/Pods-Sanatorium-resources-${CONFIGURATION}-input-files.xcfilelist",
			);
			name = "[CP] Copy Pods Resources";
			outputFileListPaths = (
				"${PODS_ROOT}/Target Support Files/Pods-Sanatorium/Pods-Sanatorium-resources-${CONFIGURATION}-output-files.xcfilelist",
			);
			runOnlyForDeploymentPostprocessing = 0;
			shellPath = /bin/sh;
			shellScript = "\"${PODS_ROOT}/Target Support Files/Pods-Sanatorium/Pods-Sanatorium-resources.sh\"\n";
			showEnvVarsInLog = 0;
		};
/* End PBXShellScriptBuildPhase section */

/* Begin PBXSourcesBuildPhase section */
		BDA063EF297878B200B3E247 /* Sources */ = {
			isa = PBXSourcesBuildPhase;
			buildActionMask = 2147483647;
			files = (
				BD43FC8E299E601A0025755B /* GrodnoController.swift in Sources */,
				BDA0641E29787CD900B3E247 /* SearchViewController.swift in Sources */,
				BDA0642629787D1600B3E247 /* TabBarController.swift in Sources */,
				BD43FC89299E60020025755B /* GomelController.swift in Sources */,
				BD89EF28299AB74A00CD428B /* SelectCell.swift in Sources */,
				BDA063F7297878B200B3E247 /* AppDelegate.swift in Sources */,
				BDA0641629787CBE00B3E247 /* SelectionViewController.swift in Sources */,
				BD8001DA29787E2F00DEFA45 /* FavouriteViewController.swift in Sources */,
				BD43FC92299E602C0025755B /* MinskController.swift in Sources */,
				BD43FC96299E60410025755B /* MogilevController.swift in Sources */,
				BD43FC85299E5FEB0025755B /* VitebskController.swift in Sources */,
				BDA0641A29787CCB00B3E247 /* MapViewController.swift in Sources */,
				BDE45088299ABD110078F04E /* EnumNames.swift in Sources */,
				BD8624EB29A54F60004F402C /* RegionModel.swift in Sources */,
				BD8624F129A790BA004F402C /* FuncForFirebase.swift in Sources */,
				BD43FC7B299E5F8E0025755B /* BrestController.swift in Sources */,
				BDA0642229787CE500B3E247 /* HomeViewController.swift in Sources */,
				BDA063F9297878B200B3E247 /* SceneDelegate.swift in Sources */,
			);
			runOnlyForDeploymentPostprocessing = 0;
		};
/* End PBXSourcesBuildPhase section */

/* Begin PBXVariantGroup section */
		BDA06401297878B600B3E247 /* LaunchScreen.storyboard */ = {
			isa = PBXVariantGroup;
			children = (
				BDA06402297878B600B3E247 /* Base */,
			);
			name = LaunchScreen.storyboard;
			sourceTree = "<group>";
		};
/* End PBXVariantGroup section */

/* Begin XCBuildConfiguration section */
		BDA06405297878B600B3E247 /* Debug */ = {
			isa = XCBuildConfiguration;
			buildSettings = {
				ALWAYS_SEARCH_USER_PATHS = NO;
				CLANG_ANALYZER_NONNULL = YES;
				CLANG_ANALYZER_NUMBER_OBJECT_CONVERSION = YES_AGGRESSIVE;
				CLANG_CXX_LANGUAGE_STANDARD = "gnu++20";
				CLANG_ENABLE_MODULES = YES;
				CLANG_ENABLE_OBJC_ARC = YES;
				CLANG_ENABLE_OBJC_WEAK = YES;
				CLANG_WARN_BLOCK_CAPTURE_AUTORELEASING = YES;
				CLANG_WARN_BOOL_CONVERSION = YES;
				CLANG_WARN_COMMA = YES;
				CLANG_WARN_CONSTANT_CONVERSION = YES;
				CLANG_WARN_DEPRECATED_OBJC_IMPLEMENTATIONS = YES;
				CLANG_WARN_DIRECT_OBJC_ISA_USAGE = YES_ERROR;
				CLANG_WARN_DOCUMENTATION_COMMENTS = YES;
				CLANG_WARN_EMPTY_BODY = YES;
				CLANG_WARN_ENUM_CONVERSION = YES;
				CLANG_WARN_INFINITE_RECURSION = YES;
				CLANG_WARN_INT_CONVERSION = YES;
				CLANG_WARN_NON_LITERAL_NULL_CONVERSION = YES;
				CLANG_WARN_OBJC_IMPLICIT_RETAIN_SELF = YES;
				CLANG_WARN_OBJC_LITERAL_CONVERSION = YES;
				CLANG_WARN_OBJC_ROOT_CLASS = YES_ERROR;
				CLANG_WARN_QUOTED_INCLUDE_IN_FRAMEWORK_HEADER = YES;
				CLANG_WARN_RANGE_LOOP_ANALYSIS = YES;
				CLANG_WARN_STRICT_PROTOTYPES = YES;
				CLANG_WARN_SUSPICIOUS_MOVE = YES;
				CLANG_WARN_UNGUARDED_AVAILABILITY = YES_AGGRESSIVE;
				CLANG_WARN_UNREACHABLE_CODE = YES;
				CLANG_WARN__DUPLICATE_METHOD_MATCH = YES;
				COPY_PHASE_STRIP = NO;
				DEBUG_INFORMATION_FORMAT = dwarf;
				ENABLE_STRICT_OBJC_MSGSEND = YES;
				ENABLE_TESTABILITY = YES;
				GCC_C_LANGUAGE_STANDARD = gnu11;
				GCC_DYNAMIC_NO_PIC = NO;
				GCC_NO_COMMON_BLOCKS = YES;
				GCC_OPTIMIZATION_LEVEL = 0;
				GCC_PREPROCESSOR_DEFINITIONS = (
					"DEBUG=1",
					"$(inherited)",
				);
				GCC_WARN_64_TO_32_BIT_CONVERSION = YES;
				GCC_WARN_ABOUT_RETURN_TYPE = YES_ERROR;
				GCC_WARN_UNDECLARED_SELECTOR = YES;
				GCC_WARN_UNINITIALIZED_AUTOS = YES_AGGRESSIVE;
				GCC_WARN_UNUSED_FUNCTION = YES;
				GCC_WARN_UNUSED_VARIABLE = YES;
				IPHONEOS_DEPLOYMENT_TARGET = 16.2;
				MTL_ENABLE_DEBUG_INFO = INCLUDE_SOURCE;
				MTL_FAST_MATH = YES;
				ONLY_ACTIVE_ARCH = YES;
				SDKROOT = iphoneos;
				SWIFT_ACTIVE_COMPILATION_CONDITIONS = DEBUG;
				SWIFT_OPTIMIZATION_LEVEL = "-Onone";
			};
			name = Debug;
		};
		BDA06406297878B600B3E247 /* Release */ = {
			isa = XCBuildConfiguration;
			buildSettings = {
				ALWAYS_SEARCH_USER_PATHS = NO;
				CLANG_ANALYZER_NONNULL = YES;
				CLANG_ANALYZER_NUMBER_OBJECT_CONVERSION = YES_AGGRESSIVE;
				CLANG_CXX_LANGUAGE_STANDARD = "gnu++20";
				CLANG_ENABLE_MODULES = YES;
				CLANG_ENABLE_OBJC_ARC = YES;
				CLANG_ENABLE_OBJC_WEAK = YES;
				CLANG_WARN_BLOCK_CAPTURE_AUTORELEASING = YES;
				CLANG_WARN_BOOL_CONVERSION = YES;
				CLANG_WARN_COMMA = YES;
				CLANG_WARN_CONSTANT_CONVERSION = YES;
				CLANG_WARN_DEPRECATED_OBJC_IMPLEMENTATIONS = YES;
				CLANG_WARN_DIRECT_OBJC_ISA_USAGE = YES_ERROR;
				CLANG_WARN_DOCUMENTATION_COMMENTS = YES;
				CLANG_WARN_EMPTY_BODY = YES;
				CLANG_WARN_ENUM_CONVERSION = YES;
				CLANG_WARN_INFINITE_RECURSION = YES;
				CLANG_WARN_INT_CONVERSION = YES;
				CLANG_WARN_NON_LITERAL_NULL_CONVERSION = YES;
				CLANG_WARN_OBJC_IMPLICIT_RETAIN_SELF = YES;
				CLANG_WARN_OBJC_LITERAL_CONVERSION = YES;
				CLANG_WARN_OBJC_ROOT_CLASS = YES_ERROR;
				CLANG_WARN_QUOTED_INCLUDE_IN_FRAMEWORK_HEADER = YES;
				CLANG_WARN_RANGE_LOOP_ANALYSIS = YES;
				CLANG_WARN_STRICT_PROTOTYPES = YES;
				CLANG_WARN_SUSPICIOUS_MOVE = YES;
				CLANG_WARN_UNGUARDED_AVAILABILITY = YES_AGGRESSIVE;
				CLANG_WARN_UNREACHABLE_CODE = YES;
				CLANG_WARN__DUPLICATE_METHOD_MATCH = YES;
				COPY_PHASE_STRIP = NO;
				DEBUG_INFORMATION_FORMAT = "dwarf-with-dsym";
				ENABLE_NS_ASSERTIONS = NO;
				ENABLE_STRICT_OBJC_MSGSEND = YES;
				GCC_C_LANGUAGE_STANDARD = gnu11;
				GCC_NO_COMMON_BLOCKS = YES;
				GCC_WARN_64_TO_32_BIT_CONVERSION = YES;
				GCC_WARN_ABOUT_RETURN_TYPE = YES_ERROR;
				GCC_WARN_UNDECLARED_SELECTOR = YES;
				GCC_WARN_UNINITIALIZED_AUTOS = YES_AGGRESSIVE;
				GCC_WARN_UNUSED_FUNCTION = YES;
				GCC_WARN_UNUSED_VARIABLE = YES;
				IPHONEOS_DEPLOYMENT_TARGET = 16.2;
				MTL_ENABLE_DEBUG_INFO = NO;
				MTL_FAST_MATH = YES;
				SDKROOT = iphoneos;
				SWIFT_COMPILATION_MODE = wholemodule;
				SWIFT_OPTIMIZATION_LEVEL = "-O";
				VALIDATE_PRODUCT = YES;
			};
			name = Release;
		};
		BDA06408297878B600B3E247 /* Debug */ = {
			isa = XCBuildConfiguration;
			baseConfigurationReference = AE5B07082A1DD3770FCAAB41 /* Pods-Sanatorium.debug.xcconfig */;
			buildSettings = {
				ASSETCATALOG_COMPILER_APPICON_NAME = AppIcon;
				ASSETCATALOG_COMPILER_GLOBAL_ACCENT_COLOR_NAME = AccentColor;
				CODE_SIGN_STYLE = Automatic;
				CURRENT_PROJECT_VERSION = 1;
				GENERATE_INFOPLIST_FILE = YES;
				INFOPLIST_FILE = Sanatorium/Info.plist;
				INFOPLIST_KEY_UIApplicationSupportsIndirectInputEvents = YES;
				INFOPLIST_KEY_UILaunchStoryboardName = LaunchScreen;
				INFOPLIST_KEY_UIMainStoryboardFile = "";
				INFOPLIST_KEY_UISupportedInterfaceOrientations_iPad = "UIInterfaceOrientationPortrait UIInterfaceOrientationPortraitUpsideDown UIInterfaceOrientationLandscapeLeft UIInterfaceOrientationLandscapeRight";
				INFOPLIST_KEY_UISupportedInterfaceOrientations_iPhone = "UIInterfaceOrientationPortrait UIInterfaceOrientationLandscapeLeft UIInterfaceOrientationLandscapeRight";
				LD_RUNPATH_SEARCH_PATHS = (
					"$(inherited)",
					"@executable_path/Frameworks",
				);
				MARKETING_VERSION = 1.0;
				PRODUCT_BUNDLE_IDENTIFIER = maksim.Sanatorium;
				PRODUCT_NAME = "$(TARGET_NAME)";
				SWIFT_EMIT_LOC_STRINGS = YES;
				SWIFT_VERSION = 5.0;
				TARGETED_DEVICE_FAMILY = "1,2";
			};
			name = Debug;
		};
		BDA06409297878B600B3E247 /* Release */ = {
			isa = XCBuildConfiguration;
			baseConfigurationReference = 33480A1F7B18DCA54223F4DE /* Pods-Sanatorium.release.xcconfig */;
			buildSettings = {
				ASSETCATALOG_COMPILER_APPICON_NAME = AppIcon;
				ASSETCATALOG_COMPILER_GLOBAL_ACCENT_COLOR_NAME = AccentColor;
				CODE_SIGN_STYLE = Automatic;
				CURRENT_PROJECT_VERSION = 1;
				GENERATE_INFOPLIST_FILE = YES;
				INFOPLIST_FILE = Sanatorium/Info.plist;
				INFOPLIST_KEY_UIApplicationSupportsIndirectInputEvents = YES;
				INFOPLIST_KEY_UILaunchStoryboardName = LaunchScreen;
				INFOPLIST_KEY_UIMainStoryboardFile = "";
				INFOPLIST_KEY_UISupportedInterfaceOrientations_iPad = "UIInterfaceOrientationPortrait UIInterfaceOrientationPortraitUpsideDown UIInterfaceOrientationLandscapeLeft UIInterfaceOrientationLandscapeRight";
				INFOPLIST_KEY_UISupportedInterfaceOrientations_iPhone = "UIInterfaceOrientationPortrait UIInterfaceOrientationLandscapeLeft UIInterfaceOrientationLandscapeRight";
				LD_RUNPATH_SEARCH_PATHS = (
					"$(inherited)",
					"@executable_path/Frameworks",
				);
				MARKETING_VERSION = 1.0;
				PRODUCT_BUNDLE_IDENTIFIER = maksim.Sanatorium;
				PRODUCT_NAME = "$(TARGET_NAME)";
				SWIFT_EMIT_LOC_STRINGS = YES;
				SWIFT_VERSION = 5.0;
				TARGETED_DEVICE_FAMILY = "1,2";
			};
			name = Release;
		};
/* End XCBuildConfiguration section */

/* Begin XCConfigurationList section */
		BDA063EE297878B100B3E247 /* Build configuration list for PBXProject "Sanatorium" */ = {
			isa = XCConfigurationList;
			buildConfigurations = (
				BDA06405297878B600B3E247 /* Debug */,
				BDA06406297878B600B3E247 /* Release */,
			);
			defaultConfigurationIsVisible = 0;
			defaultConfigurationName = Release;
		};
		BDA06407297878B600B3E247 /* Build configuration list for PBXNativeTarget "Sanatorium" */ = {
			isa = XCConfigurationList;
			buildConfigurations = (
				BDA06408297878B600B3E247 /* Debug */,
				BDA06409297878B600B3E247 /* Release */,
			);
			defaultConfigurationIsVisible = 0;
			defaultConfigurationName = Release;
		};
/* End XCConfigurationList section */

/* Begin XCRemoteSwiftPackageReference section */
		BD8624EC29A78F0B004F402C /* XCRemoteSwiftPackageReference "SDWebImage" */ = {
			isa = XCRemoteSwiftPackageReference;
			repositoryURL = "https://github.com/SDWebImage/SDWebImage.git";
			requirement = {
				kind = upToNextMajorVersion;
				minimumVersion = 5.0.0;
			};
		};
		BDD0357D29A4E13B000FECEB /* XCRemoteSwiftPackageReference "firebase-ios-sdk" */ = {
			isa = XCRemoteSwiftPackageReference;
			repositoryURL = "https://github.com/firebase/firebase-ios-sdk";
			requirement = {
				kind = upToNextMajorVersion;
				minimumVersion = 9.0.0;
			};
		};
/* End XCRemoteSwiftPackageReference section */

/* Begin XCSwiftPackageProductDependency section */
		BD8624ED29A78F0B004F402C /* SDWebImage */ = {
			isa = XCSwiftPackageProductDependency;
			package = BD8624EC29A78F0B004F402C /* XCRemoteSwiftPackageReference "SDWebImage" */;
			productName = SDWebImage;
		};
		BDD0357E29A4E13B000FECEB /* FirebaseAuth */ = {
			isa = XCSwiftPackageProductDependency;
			package = BDD0357D29A4E13B000FECEB /* XCRemoteSwiftPackageReference "firebase-ios-sdk" */;
			productName = FirebaseAuth;
		};
		BDD0358029A4E13B000FECEB /* FirebaseDatabase */ = {
			isa = XCSwiftPackageProductDependency;
			package = BDD0357D29A4E13B000FECEB /* XCRemoteSwiftPackageReference "firebase-ios-sdk" */;
			productName = FirebaseDatabase;
		};
		BDD0358229A4E13B000FECEB /* FirebaseFirestore */ = {
			isa = XCSwiftPackageProductDependency;
			package = BDD0357D29A4E13B000FECEB /* XCRemoteSwiftPackageReference "firebase-ios-sdk" */;
			productName = FirebaseFirestore;
		};
		BDD0358429A4E13B000FECEB /* FirebaseStorage */ = {
			isa = XCSwiftPackageProductDependency;
			package = BDD0357D29A4E13B000FECEB /* XCRemoteSwiftPackageReference "firebase-ios-sdk" */;
			productName = FirebaseStorage;
		};
/* End XCSwiftPackageProductDependency section */
	};
	rootObject = BDA063EB297878B100B3E247 /* Project object */;
}
